
Microsoft Visual Studio Solution File, Format Version 12.00
# Visual Studio Version 16
VisualStudioVersion = 16.0.31424.327
MinimumVisualStudioVersion = 10.0.40219.1
Project("{FAE04EC0-301F-11D3-BF4B-00C04F79EFBC}") = "VisorImagenes", "VisorImagenes\VisorImagenes.csproj", "{1654252C-C3D8-4DBB-A56E-3731855C6A3C}"
EndProject
Global
	GlobalSection(SolutionConfigurationPlatforms) = preSolution
		Debug|Any CPU = Debug|Any CPU
		Release|Any CPU = Release|Any CPU
	EndGlobalSection
	GlobalSection(ProjectConfigurationPlatforms) = postSolution
		{1654252C-C3D8-4DBB-A56E-3731855C6A3C}.Debug|Any CPU.ActiveCfg = Debug|Any CPU
		{1654252C-C3D8-4DBB-A56E-3731855C6A3C}.Debug|Any CPU.Build.0 = Debug|Any CPU
		{1654252C-C3D8-4DBB-A56E-3731855C6A3C}.Release|Any CPU.ActiveCfg = Release|Any CPU
		{1654252C-C3D8-4DBB-A56E-3731855C6A3C}.Release|Any CPU.Build.0 = Release|Any CPU
	EndGlobalSection
	GlobalSection(SolutionProperties) = preSolution
		HideSolutionNode = FALSE
	EndGlobalSection
	GlobalSection(ExtensibilityGlobals) = postSolution
		SolutionGuid = {E0835AC6-84BD-44CA-8DC8-6A82B4B262E2}
	EndGlobalSection
EndGlobal
